
Microsoft Visual Studio Solution File, Format Version 12.00
# Visual Studio Version 17
VisualStudioVersion = 17.9.34723.18
MinimumVisualStudioVersion = 10.0.40219.1
Project("{9A19103F-16F7-4668-BE54-9A1E7A4F7556}") = "ToDoList_GERNALE", "ToDoList_GERNALE.csproj", "{3E80BB9D-F9EA-4230-83EA-7B21D75AE943}"
EndProject
Global
	GlobalSection(SolutionConfigurationPlatforms) = preSolution
		Debug|Any CPU = Debug|Any CPU
		Release|Any CPU = Release|Any CPU
	EndGlobalSection
	GlobalSection(ProjectConfigurationPlatforms) = postSolution
		{3E80BB9D-F9EA-4230-83EA-7B21D75AE943}.Debug|Any CPU.ActiveCfg = Debug|Any CPU
		{3E80BB9D-F9EA-4230-83EA-7B21D75AE943}.Debug|Any CPU.Build.0 = Debug|Any CPU
		{3E80BB9D-F9EA-4230-83EA-7B21D75AE943}.Release|Any CPU.ActiveCfg = Release|Any CPU
		{3E80BB9D-F9EA-4230-83EA-7B21D75AE943}.Release|Any CPU.Build.0 = Release|Any CPU
	EndGlobalSection
	GlobalSection(SolutionProperties) = preSolution
		HideSolutionNode = FALSE
	EndGlobalSection
	GlobalSection(ExtensibilityGlobals) = postSolution
		SolutionGuid = {D1F8B984-941D-414A-AD93-C9D55BBC7A19}
	EndGlobalSection
EndGlobal
